version: 5
environments:
  default:
    channels:
    - url: https://repo.prefix.dev/code-aster/
    - url: https://conda.anaconda.org/conda-forge/
    packages:
      win-64:
      - conda: https://conda.anaconda.org/conda-forge/win-64/_openmp_mutex-4.5-2_gnu.conda
      - conda: https://conda.anaconda.org/conda-forge/win-64/bzip2-1.0.8-h2466b09_7.conda
      - conda: https://conda.anaconda.org/conda-forge/win-64/ca-certificates-2024.8.30-h56e8100_0.conda
      - conda: https://conda.anaconda.org/conda-forge/win-64/cmake-3.30.5-h400e5d1_0.conda
      - conda: https://repo.prefix.dev/code-aster/win-64/hdf5-1.14.5-nompi_release_h8ecd0e3_300.conda
      - conda: https://repo.prefix.dev/code-aster/win-64/intel-cmplr-lib-rt-2024.1.0-h7d207ad_964.conda
      - conda: https://repo.prefix.dev/code-aster/win-64/intel-cmplr-lic-rt-2024.1.0-964.conda
      - conda: https://repo.prefix.dev/code-aster/win-64/intel-fortran-rt-2024.1.0-he01afda_964.conda
      - conda: https://conda.anaconda.org/conda-forge/win-64/intel-openmp-2024.2.1-h57928b3_1083.conda
      - conda: https://conda.anaconda.org/conda-forge/win-64/khronos-opencl-icd-loader-2024.05.08-hc70643c_0.conda
      - conda: https://conda.anaconda.org/conda-forge/win-64/krb5-1.21.3-hdf4eb48_0.conda
      - conda: https://conda.anaconda.org/conda-forge/win-64/libaec-1.1.3-h63175ca_0.conda
      - conda: https://conda.anaconda.org/conda-forge/win-64/libcurl-8.10.1-h1ee3ff0_0.conda
      - conda: https://conda.anaconda.org/conda-forge/win-64/libexpat-2.6.3-he0c23c2_0.conda
      - conda: https://conda.anaconda.org/conda-forge/win-64/libffi-3.4.2-h8ffe710_5.tar.bz2
      - conda: https://conda.anaconda.org/conda-forge/win-64/libgcc-14.2.0-h1383e82_1.conda
      - conda: https://conda.anaconda.org/conda-forge/win-64/libgomp-14.2.0-h1383e82_1.conda
      - conda: https://conda.anaconda.org/conda-forge/win-64/libiconv-1.17-hcfcfb64_2.conda
      - conda: https://conda.anaconda.org/conda-forge/win-64/libsqlite-3.47.0-h2466b09_1.conda
      - conda: https://conda.anaconda.org/conda-forge/win-64/libssh2-1.11.0-h7dfc565_0.conda
      - conda: https://conda.anaconda.org/conda-forge/win-64/libuv-1.49.2-h2466b09_0.conda
      - conda: https://conda.anaconda.org/conda-forge/win-64/libwinpthread-12.0.0.r4.gg4f2fc60ca-h57928b3_8.conda
      - conda: https://conda.anaconda.org/conda-forge/win-64/libxml2-2.13.4-h442d1da_2.conda
      - conda: https://conda.anaconda.org/conda-forge/win-64/libzlib-1.3.1-h2466b09_2.conda
      - conda: https://conda.anaconda.org/conda-forge/win-64/make-4.4.1-h0e40799_2.conda
      - conda: https://conda.anaconda.org/conda-forge/win-64/ninja-1.12.1-hc790b64_0.conda
      - conda: https://conda.anaconda.org/conda-forge/win-64/openssl-3.3.2-h2466b09_0.conda
      - conda: https://conda.anaconda.org/conda-forge/win-64/pcre2-10.44-h3d7b363_2.conda
      - conda: https://conda.anaconda.org/conda-forge/win-64/python-3.12.0-h2628c8c_0_cpython.conda
      - conda: https://conda.anaconda.org/conda-forge/win-64/swig-4.2.1-h51fbe9b_1.conda
      - conda: https://conda.anaconda.org/conda-forge/win-64/tk-8.6.13-h5226925_1.conda
      - conda: https://conda.anaconda.org/conda-forge/noarch/tzdata-2024b-hc8b5060_0.conda
      - conda: https://conda.anaconda.org/conda-forge/win-64/ucrt-10.0.22621.0-h57928b3_1.conda
      - conda: https://conda.anaconda.org/conda-forge/win-64/vc-14.3-ha32ba9b_22.conda
      - conda: https://conda.anaconda.org/conda-forge/win-64/vc14_runtime-14.40.33810-hcc2c482_22.conda
      - conda: https://conda.anaconda.org/conda-forge/win-64/vs2015_runtime-14.40.33810-h3bf8584_22.conda
      - conda: https://conda.anaconda.org/conda-forge/win-64/vswhere-3.1.7-h57928b3_0.conda
      - conda: https://conda.anaconda.org/conda-forge/win-64/xz-5.2.6-h8d14728_0.tar.bz2
      - conda: https://conda.anaconda.org/conda-forge/win-64/zlib-1.3.1-h2466b09_2.conda
      - conda: https://conda.anaconda.org/conda-forge/win-64/zstd-1.5.6-h0ea2cb4_0.conda
packages:
- kind: conda
  name: _openmp_mutex
  version: '4.5'
  build: 2_gnu
  build_number: 8
  subdir: win-64
  url: https://conda.anaconda.org/conda-forge/win-64/_openmp_mutex-4.5-2_gnu.conda
  sha256: 1a62cd1f215fe0902e7004089693a78347a30ad687781dfda2289cab000e652d
  md5: 37e16618af5c4851a3f3d66dd0e11141
  depends:
  - libgomp >=7.5.0
  - libwinpthread >=12.0.0.r2.ggc561118da
  constrains:
  - openmp_impl 9999
  - msys2-conda-epoch <0.0a0
  license: BSD-3-Clause
  license_family: BSD
  size: 49468
  timestamp: 1718213032772
- kind: conda
  name: bzip2
  version: 1.0.8
  build: h2466b09_7
  build_number: 7
  subdir: win-64
  url: https://conda.anaconda.org/conda-forge/win-64/bzip2-1.0.8-h2466b09_7.conda
  sha256: 35a5dad92e88fdd7fc405e864ec239486f4f31eec229e31686e61a140a8e573b
  md5: 276e7ffe9ffe39688abc665ef0f45596
  depends:
  - ucrt >=10.0.20348.0
  - vc >=14.2,<15
  - vc14_runtime >=14.29.30139
  license: bzip2-1.0.6
  license_family: BSD
  size: 54927
  timestamp: 1720974860185
- kind: conda
  name: ca-certificates
  version: 2024.8.30
  build: h56e8100_0
  subdir: win-64
  url: https://conda.anaconda.org/conda-forge/win-64/ca-certificates-2024.8.30-h56e8100_0.conda
  sha256: 0fcac3a7ffcc556649e034a1802aedf795e64227eaa7194d207b01eaf26454c4
  md5: 4c4fd67c18619be5aa65dc5b6c72e490
  license: ISC
  size: 158773
  timestamp: 1725019107649
- kind: conda
  name: cmake
  version: 3.30.5
  build: h400e5d1_0
  subdir: win-64
  url: https://conda.anaconda.org/conda-forge/win-64/cmake-3.30.5-h400e5d1_0.conda
  sha256: f1df2ab533ffed1a544ab0672bd09abeaee36cadf59c12f8564b03237779b3d3
  md5: 4b84d88fe13e33dd1cad2deaac3fbcf4
  depends:
  - bzip2 >=1.0.8,<2.0a0
  - libcurl >=8.10.1,<9.0a0
  - libexpat >=2.6.3,<3.0a0
  - libuv >=1.49.0,<2.0a0
  - libzlib >=1.3.1,<2.0a0
  - ucrt >=10.0.20348.0
  - vc14_runtime >=14.29.30139
  - xz >=5.2.6,<6.0a0
  - zstd >=1.5.6,<1.6.0a0
  license: BSD-3-Clause
  license_family: BSD
  size: 14357142
  timestamp: 1728417628536
- kind: conda
  name: hdf5
  version: 1.14.5
  build: nompi_release_h8ecd0e3_300
  build_number: 300
  subdir: win-64
  url: https://repo.prefix.dev/code-aster/win-64/hdf5-1.14.5-nompi_release_h8ecd0e3_300.conda
  sha256: 72ed39fab7393a5bffc7572d8161b491dc7cdd3eec91c7c23396f3afcb507a94
  depends:
  - intel-fortran-rt
  - libaec >=1.1.3,<2.0a0
  - libcurl >=8.10.1,<9.0a0
  - libzlib >=1.3.1,<2.0a0
  - openssl >=3.3.2,<4.0a0
  - ucrt >=10.0.20348.0
  - vc >=14.3,<15
  - vc14_runtime >=14.40.33810
  arch: x86_64
  platform: win
  license: LicenseRef-HDF5
  license_family: BSD
  size: 2357734
  timestamp: 1730465623544
- kind: conda
  name: intel-cmplr-lib-rt
  version: 2024.1.0
  build: h7d207ad_964
  build_number: 964
  subdir: win-64
  url: https://repo.prefix.dev/code-aster/win-64/intel-cmplr-lib-rt-2024.1.0-h7d207ad_964.conda
  sha256: 5259e9393887a83ea5c61e9c2fd78a326fe0e5f18b9944bff081e4491c1a621a
  depends:
  - khronos-opencl-icd-loader >=2023.4.17
  - libzlib >=1.2.13,<2.0a0
  - ucrt >=10.0.20348.0
  - vc >=14.3,<15
  - vc14_runtime >=14.40.33810
  arch: x86_64
  platform: win
  license: LicenseRef-Proprietary-Intel-End-User-License-Agreement-for-Developer-Tools
  license_family: Proprietary
  size: 16529738
  timestamp: 1718971256786
- kind: conda
  name: intel-cmplr-lic-rt
  version: 2024.1.0
  build: '964'
  build_number: 964
  subdir: win-64
  url: https://repo.prefix.dev/code-aster/win-64/intel-cmplr-lic-rt-2024.1.0-964.conda
  sha256: 933791f213137cfc27a07459c5d365f734ae7324945e422d1cd2c65b3f2de858
  arch: x86_64
  platform: win
  license: LicenseRef-Proprietary-Intel-End-User-License-Agreement-for-Developer-Tools
  license_family: Proprietary
  size: 54454
  timestamp: 1718971284326
- kind: conda
  name: intel-fortran-rt
  version: 2024.1.0
  build: he01afda_964
  build_number: 964
  subdir: win-64
  url: https://repo.prefix.dev/code-aster/win-64/intel-fortran-rt-2024.1.0-he01afda_964.conda
  sha256: 0d195ed105fa866305d80929465fdfe36f63a05b48769b4c84f6970556a0606b
  depends:
  - intel-cmplr-lib-rt 2024.1.0 h7d207ad_964
  - intel-cmplr-lic-rt 2024.1.0 964
  - intel-openmp
  - ucrt >=10.0.20348.0
  - vc >=14.3,<15
  - vc14_runtime >=14.40.33810
  arch: x86_64
  platform: win
  license: LicenseRef-Proprietary-Intel-End-User-License-Agreement-for-Developer-Tools
  license_family: Proprietary
  size: 980465
  timestamp: 1718971294272
- kind: conda
  name: intel-openmp
  version: 2024.2.1
  build: h57928b3_1083
  build_number: 1083
  subdir: win-64
  url: https://conda.anaconda.org/conda-forge/win-64/intel-openmp-2024.2.1-h57928b3_1083.conda
  sha256: 0fd2b0b84c854029041b0ede8f4c2369242ee92acc0092f8407b1fe9238a8209
  md5: 2d89243bfb53652c182a7c73182cce4f
  license: LicenseRef-IntelSimplifiedSoftwareOct2022
  license_family: Proprietary
  size: 1852356
  timestamp: 1723739573141
- kind: conda
  name: khronos-opencl-icd-loader
  version: 2024.05.08
  build: hc70643c_0
  subdir: win-64
  url: https://conda.anaconda.org/conda-forge/win-64/khronos-opencl-icd-loader-2024.05.08-hc70643c_0.conda
  sha256: 701357f02926bef5cb6d060a5471d50dc6528500fd045805ea785398fbb6d6d2
  md5: 22b22ac3be757e10705caa3b5f321e0d
  depends:
  - ucrt >=10.0.20348.0
  - vc >=14.2,<15
  - vc14_runtime >=14.29.30139
  license: Apache-2.0
  license_family: APACHE
  size: 87736
  timestamp: 1727732609299
- kind: conda
  name: krb5
  version: 1.21.3
  build: hdf4eb48_0
  subdir: win-64
  url: https://conda.anaconda.org/conda-forge/win-64/krb5-1.21.3-hdf4eb48_0.conda
  sha256: 18e8b3430d7d232dad132f574268f56b3eb1a19431d6d5de8c53c29e6c18fa81
  md5: 31aec030344e962fbd7dbbbbd68e60a9
  depends:
  - openssl >=3.3.1,<4.0a0
  - ucrt >=10.0.20348.0
  - vc >=14.2,<15
  - vc14_runtime >=14.29.30139
  license: MIT
  license_family: MIT
  size: 712034
  timestamp: 1719463874284
- kind: conda
  name: libaec
  version: 1.1.3
  build: h63175ca_0
  subdir: win-64
  url: https://conda.anaconda.org/conda-forge/win-64/libaec-1.1.3-h63175ca_0.conda
  sha256: f5c293d3cfc00f71dfdb64bd65ab53625565f8778fc2d5790575bef238976ebf
  md5: 8723000f6ffdbdaef16025f0a01b64c5
  depends:
  - ucrt >=10.0.20348.0
  - vc >=14.2,<15
  - vc14_runtime >=14.29.30139
  license: BSD-2-Clause
  license_family: BSD
  size: 32567
  timestamp: 1711021603471
- kind: conda
  name: libcurl
  version: 8.10.1
  build: h1ee3ff0_0
  subdir: win-64
  url: https://conda.anaconda.org/conda-forge/win-64/libcurl-8.10.1-h1ee3ff0_0.conda
  sha256: dfbac497c4fee74f67391f9c4a40cab559468b7d04ff9fad4b404a26b5e1d5b8
  md5: 7ead800e22ff7b4bccb73e42a8f7a0f4
  depends:
  - krb5 >=1.21.3,<1.22.0a0
  - libssh2 >=1.11.0,<2.0a0
  - libzlib >=1.3.1,<2.0a0
  - ucrt >=10.0.20348.0
  - vc >=14.2,<15
  - vc14_runtime >=14.29.30139
  license: curl
  license_family: MIT
  size: 342388
  timestamp: 1726660508261
- kind: conda
  name: libexpat
  version: 2.6.3
  build: he0c23c2_0
  subdir: win-64
  url: https://conda.anaconda.org/conda-forge/win-64/libexpat-2.6.3-he0c23c2_0.conda
  sha256: 9543965d155b8da96fc67dd81705fe5c2571c7c00becc8de5534c850393d4e3c
  md5: 21415fbf4d0de6767a621160b43e5dea
  depends:
  - ucrt >=10.0.20348.0
  - vc >=14.2,<15
  - vc14_runtime >=14.29.30139
  constrains:
  - expat 2.6.3.*
  license: MIT
  license_family: MIT
  size: 138992
  timestamp: 1725569106114
- kind: conda
  name: libffi
  version: 3.4.2
  build: h8ffe710_5
  build_number: 5
  subdir: win-64
  url: https://conda.anaconda.org/conda-forge/win-64/libffi-3.4.2-h8ffe710_5.tar.bz2
  sha256: 1951ab740f80660e9bc07d2ed3aefb874d78c107264fd810f24a1a6211d4b1a5
  md5: 2c96d1b6915b408893f9472569dee135
  depends:
  - vc >=14.1,<15.0a0
  - vs2015_runtime >=14.16.27012
  license: MIT
  license_family: MIT
  size: 42063
  timestamp: 1636489106777
- kind: conda
  name: libgcc
  version: 14.2.0
  build: h1383e82_1
  build_number: 1
  subdir: win-64
  url: https://conda.anaconda.org/conda-forge/win-64/libgcc-14.2.0-h1383e82_1.conda
  sha256: ef840e797714440bb10b69446d815966fff41fdac79f79c4e19c475d81cd375d
  md5: 75fdd34824997a0f9950a703b15d8ac5
  depends:
  - _openmp_mutex >=4.5
  - libwinpthread >=12.0.0.r4.gg4f2fc60ca
  constrains:
  - libgcc-ng ==14.2.0=*_1
  - libgomp 14.2.0 h1383e82_1
  - msys2-conda-epoch <0.0a0
  license: GPL-3.0-only WITH GCC-exception-3.1
  license_family: GPL
  size: 666386
  timestamp: 1729089506769
- kind: conda
  name: libgomp
  version: 14.2.0
  build: h1383e82_1
  build_number: 1
  subdir: win-64
  url: https://conda.anaconda.org/conda-forge/win-64/libgomp-14.2.0-h1383e82_1.conda
  sha256: d8739b834608f35775209b032f0c2be752ef187863c7ec847afcebe2f681be4e
  md5: 9e2d4d1214df6f21cba12f6eff4972f9
  depends:
  - libwinpthread >=12.0.0.r4.gg4f2fc60ca
  constrains:
  - msys2-conda-epoch <0.0a0
  license: GPL-3.0-only WITH GCC-exception-3.1
  license_family: GPL
  size: 524249
  timestamp: 1729089441747
- kind: conda
  name: libiconv
  version: '1.17'
  build: hcfcfb64_2
  build_number: 2
  subdir: win-64
  url: https://conda.anaconda.org/conda-forge/win-64/libiconv-1.17-hcfcfb64_2.conda
  sha256: 5f844dd19b046d43174ad80c6ea75b5d504020e3b63cfbc4ace97b8730d35c7b
  md5: e1eb10b1cca179f2baa3601e4efc8712
  depends:
  - ucrt >=10.0.20348.0
  - vc >=14.2,<15
  - vc14_runtime >=14.29.30139
  license: LGPL-2.1-only
  size: 636146
  timestamp: 1702682547199
- kind: conda
  name: libsqlite
  version: 3.47.0
  build: h2466b09_1
  build_number: 1
  subdir: win-64
  url: https://conda.anaconda.org/conda-forge/win-64/libsqlite-3.47.0-h2466b09_1.conda
  sha256: 3342d6fe787f5830f7e8466d9c65c914bfd8d67220fb5673041b338cbba47afe
  md5: 5b1f36012cc3d09c4eb9f24ad0e2c379
  depends:
  - ucrt >=10.0.20348.0
  - vc >=14.2,<15
  - vc14_runtime >=14.29.30139
  license: Unlicense
  size: 892175
  timestamp: 1730208431651
- kind: conda
  name: libssh2
  version: 1.11.0
  build: h7dfc565_0
  subdir: win-64
  url: https://conda.anaconda.org/conda-forge/win-64/libssh2-1.11.0-h7dfc565_0.conda
  sha256: 813fd04eed2a2d5d9c36e53c554f9c1f08e9324e2922bd60c9c52dbbed2dbcec
  md5: dc262d03aae04fe26825062879141a41
  depends:
  - libzlib >=1.2.13,<2.0.0a0
  - openssl >=3.1.1,<4.0a0
  - ucrt >=10.0.20348.0
  - vc >=14.2,<15
  - vc14_runtime >=14.29.30139
  license: BSD-3-Clause
  license_family: BSD
  size: 266806
  timestamp: 1685838242099
- kind: conda
  name: libuv
  version: 1.49.2
  build: h2466b09_0
  subdir: win-64
  url: https://conda.anaconda.org/conda-forge/win-64/libuv-1.49.2-h2466b09_0.conda
  sha256: d598c536f0e432901ba8b489564799f6f570471b2a3ce9b76e152ee0a961a380
  md5: 30ebb43533efcdc8c357ef409bad86b6
  depends:
  - ucrt >=10.0.20348.0
  - vc >=14.2,<15
  - vc14_runtime >=14.29.30139
  license: MIT
  license_family: MIT
  size: 290376
  timestamp: 1729322844056
- kind: conda
  name: libwinpthread
  version: 12.0.0.r4.gg4f2fc60ca
  build: h57928b3_8
  build_number: 8
  subdir: win-64
  url: https://conda.anaconda.org/conda-forge/win-64/libwinpthread-12.0.0.r4.gg4f2fc60ca-h57928b3_8.conda
  sha256: 6d5e158813ab8d553fbb0fedd0abe7bf92970b0be3a9ddf12da0f6cbad78f506
  md5: 03cccbba200ee0523bde1f3dad60b1f3
  depends:
  - ucrt
  constrains:
  - pthreads-win32 <0.0a0
  - msys2-conda-epoch <0.0a0
  license: MIT AND BSD-3-Clause-Clear
  size: 35433
  timestamp: 1724681489463
- kind: conda
  name: libxml2
  version: 2.13.4
  build: h442d1da_2
  build_number: 2
  subdir: win-64
  url: https://conda.anaconda.org/conda-forge/win-64/libxml2-2.13.4-h442d1da_2.conda
  sha256: 352eb281dcac491b7ed9e01082947d734a2610f3700f1ab18524590a2862f069
  md5: 46c233e5c137a2de2d1d95ca35ad8d6a
  depends:
  - libiconv >=1.17,<2.0a0
  - libzlib >=1.3.1,<2.0a0
  - ucrt >=10.0.20348.0
  - vc >=14.2,<15
  - vc14_runtime >=14.29.30139
  license: MIT
  license_family: MIT
  size: 1518137
  timestamp: 1730355951612
- kind: conda
  name: libzlib
  version: 1.3.1
  build: h2466b09_2
  build_number: 2
  subdir: win-64
  url: https://conda.anaconda.org/conda-forge/win-64/libzlib-1.3.1-h2466b09_2.conda
  sha256: ba945c6493449bed0e6e29883c4943817f7c79cbff52b83360f7b341277c6402
  md5: 41fbfac52c601159df6c01f875de31b9
  depends:
  - ucrt >=10.0.20348.0
  - vc >=14.2,<15
  - vc14_runtime >=14.29.30139
  constrains:
  - zlib 1.3.1 *_2
  license: Zlib
  license_family: Other
  size: 55476
  timestamp: 1727963768015
- kind: conda
  name: make
  version: 4.4.1
  build: h0e40799_2
  build_number: 2
  subdir: win-64
  url: https://conda.anaconda.org/conda-forge/win-64/make-4.4.1-h0e40799_2.conda
  sha256: a810cdca3d5fa50d562cda23c0c1195b45ff5f9b0c41e0d4c8c2dd3c043ff4f2
  md5: 77ff648ad9fec660f261aa8ab0949f62
  depends:
  - libgcc >=13
  - libwinpthread >=12.0.0.r4.gg4f2fc60ca
  - ucrt >=10.0.20348.0
  license: GPL-3.0-or-later
  license_family: GPL
  size: 2176937
  timestamp: 1727802346950
- kind: conda
  name: ninja
  version: 1.12.1
  build: hc790b64_0
  subdir: win-64
  url: https://conda.anaconda.org/conda-forge/win-64/ninja-1.12.1-hc790b64_0.conda
  sha256: b821cb72cb3ef08fab90a9bae899510e6cf3c23b5da6070d1ec30099dfe6a5be
  md5: a557dde55343e03c68cd7e29e7f87279
  depends:
  - ucrt >=10.0.20348.0
  - vc >=14.2,<15
  - vc14_runtime >=14.29.30139
  license: Apache-2.0
  license_family: Apache
  size: 285150
  timestamp: 1715441052517
- kind: conda
  name: openssl
  version: 3.3.2
  build: h2466b09_0
  subdir: win-64
  url: https://conda.anaconda.org/conda-forge/win-64/openssl-3.3.2-h2466b09_0.conda
  sha256: a45c42f3577294e22ac39ddb6ef5a64fd5322e8a6725afefbf4f2b4109340bf9
  md5: 1dc86753693df5e3326bb8a85b74c589
  depends:
  - ca-certificates
  - ucrt >=10.0.20348.0
  - vc >=14.2,<15
  - vc14_runtime >=14.29.30139
  license: Apache-2.0
  license_family: Apache
  size: 8396053
  timestamp: 1725412961673
- kind: conda
  name: pcre2
  version: '10.44'
  build: h3d7b363_2
  build_number: 2
  subdir: win-64
  url: https://conda.anaconda.org/conda-forge/win-64/pcre2-10.44-h3d7b363_2.conda
  sha256: f4a12cbf8a7c5bfa2592b9dc92b492c438781898e5b02f397979b0be6e1b5851
  md5: a3a3baddcfb8c80db84bec3cb7746fb8
  depends:
  - bzip2 >=1.0.8,<2.0a0
  - libzlib >=1.3.1,<2.0a0
  - ucrt >=10.0.20348.0
  - vc >=14.2,<15
  - vc14_runtime >=14.29.30139
  license: BSD-3-Clause
  license_family: BSD
  size: 820831
  timestamp: 1723489427046
- kind: conda
  name: python
  version: 3.12.0
  build: h2628c8c_0_cpython
  subdir: win-64
  url: https://conda.anaconda.org/conda-forge/win-64/python-3.12.0-h2628c8c_0_cpython.conda
  sha256: 90553586879bf328f2f9efb8d8faa958ecba822faf379f0a20c3461467b9b955
  md5: defd5d375853a2caff36a19d2d81a28e
  depends:
  - bzip2 >=1.0.8,<2.0a0
  - libexpat >=2.5.0,<3.0a0
  - libffi >=3.4,<4.0a0
  - libsqlite >=3.43.0,<4.0a0
  - libzlib >=1.2.13,<2.0.0a0
  - openssl >=3.1.3,<4.0a0
  - tk >=8.6.13,<8.7.0a0
  - tzdata
  - ucrt >=10.0.20348.0
  - vc >=14.2,<15
  - vc14_runtime >=14.29.30139
  - xz >=5.2.6,<6.0a0
  constrains:
  - python_abi 3.12.* *_cp312
  license: Python-2.0
  size: 16140836
  timestamp: 1696321871976
- kind: conda
  name: swig
  version: 4.2.1
  build: h51fbe9b_1
  build_number: 1
  subdir: win-64
  url: https://conda.anaconda.org/conda-forge/win-64/swig-4.2.1-h51fbe9b_1.conda
  sha256: 81b269de7c1b41c91f37b47693cfa3effb87c6fbcdc7d0c5bdee00fd1adb79f0
  md5: b1c2324b2e0f7a9e57e5d57ab305d256
  depends:
  - pcre2 >=10.44,<10.45.0a0
  - ucrt >=10.0.20348.0
  - vc >=14.2,<15
  - vc14_runtime >=14.29.30139
  license: GPL-3.0-or-later
  license_family: GPL
  size: 1037535
  timestamp: 1718520610709
- kind: conda
  name: tk
  version: 8.6.13
  build: h5226925_1
  build_number: 1
  subdir: win-64
  url: https://conda.anaconda.org/conda-forge/win-64/tk-8.6.13-h5226925_1.conda
  sha256: 2c4e914f521ccb2718946645108c9bd3fc3216ba69aea20c2c3cedbd8db32bb1
  md5: fc048363eb8f03cd1737600a5d08aafe
  depends:
  - ucrt >=10.0.20348.0
  - vc >=14.2,<15
  - vc14_runtime >=14.29.30139
  license: TCL
  license_family: BSD
  size: 3503410
  timestamp: 1699202577803
- kind: conda
  name: tzdata
  version: 2024b
  build: hc8b5060_0
  subdir: noarch
  noarch: generic
  url: https://conda.anaconda.org/conda-forge/noarch/tzdata-2024b-hc8b5060_0.conda
  sha256: 4fde5c3008bf5d2db82f2b50204464314cc3c91c1d953652f7bd01d9e52aefdf
  md5: 8ac3367aafb1cc0a068483c580af8015
  license: LicenseRef-Public-Domain
  size: 122354
  timestamp: 1728047496079
- kind: conda
  name: ucrt
  version: 10.0.22621.0
  build: h57928b3_1
  build_number: 1
  subdir: win-64
  url: https://conda.anaconda.org/conda-forge/win-64/ucrt-10.0.22621.0-h57928b3_1.conda
  sha256: db8dead3dd30fb1a032737554ce91e2819b43496a0db09927edf01c32b577450
  md5: 6797b005cd0f439c4c5c9ac565783700
  constrains:
  - vs2015_runtime >=14.29.30037
  license: LicenseRef-MicrosoftWindowsSDK10
  size: 559710
  timestamp: 1728377334097
- kind: conda
  name: vc
  version: '14.3'
  build: ha32ba9b_22
  build_number: 22
  subdir: win-64
  url: https://conda.anaconda.org/conda-forge/win-64/vc-14.3-ha32ba9b_22.conda
  sha256: 2a47c5bd8bec045959afada7063feacd074ad66b170c1ea92dd139b389fcf8fd
  md5: 311c9ba1dfdd2895a8cb08346ff26259
  depends:
  - vc14_runtime >=14.38.33135
  track_features:
  - vc14
  license: BSD-3-Clause
  license_family: BSD
  size: 17447
  timestamp: 1728400826998
- kind: conda
  name: vc14_runtime
  version: 14.40.33810
  build: hcc2c482_22
  build_number: 22
  subdir: win-64
  url: https://conda.anaconda.org/conda-forge/win-64/vc14_runtime-14.40.33810-hcc2c482_22.conda
  sha256: 4c669c65007f88a7cdd560192f7e6d5679d191ac71610db724e18b2410964d64
  md5: ce23a4b980ee0556a118ed96550ff3f3
  depends:
  - ucrt >=10.0.20348.0
  constrains:
  - vs2015_runtime 14.40.33810.* *_22
  license: LicenseRef-MicrosoftVisualCpp2015-2022Runtime
  license_family: Proprietary
  size: 750719
  timestamp: 1728401055788
- kind: conda
  name: vs2015_runtime
  version: 14.40.33810
  build: h3bf8584_22
  build_number: 22
  subdir: win-64
  url: https://conda.anaconda.org/conda-forge/win-64/vs2015_runtime-14.40.33810-h3bf8584_22.conda
  sha256: 80aa9932203d65a96f817b8be4fafc176fb2b3fe6cf6899ede678b8f0317fbff
  md5: 8c6b061d44cafdfc8e8c6eb5f100caf0
  depends:
  - vc14_runtime >=14.40.33810
  license: BSD-3-Clause
  license_family: BSD
  size: 17453
  timestamp: 1728400827536
- kind: conda
  name: vswhere
  version: 3.1.7
  build: h57928b3_0
  subdir: win-64
  url: https://conda.anaconda.org/conda-forge/win-64/vswhere-3.1.7-h57928b3_0.conda
  sha256: 8caeda9c0898cb8ee2cf4f45640dbbbdf772ddc01345cfb0f7b352c58b4d8025
  md5: ba83df93b48acfc528f5464c9a882baa
  license: MIT
  license_family: MIT
  size: 219013
  timestamp: 1719460515960
- kind: conda
  name: xz
  version: 5.2.6
  build: h8d14728_0
  subdir: win-64
  url: https://conda.anaconda.org/conda-forge/win-64/xz-5.2.6-h8d14728_0.tar.bz2
  sha256: 54d9778f75a02723784dc63aff4126ff6e6749ba21d11a6d03c1f4775f269fe0
  md5: 515d77642eaa3639413c6b1bc3f94219
  depends:
  - vc >=14.1,<15
  - vs2015_runtime >=14.16.27033
  license: LGPL-2.1 and GPL-2.0
  size: 217804
  timestamp: 1660346976440
- kind: conda
  name: zlib
  version: 1.3.1
  build: h2466b09_2
  build_number: 2
  subdir: win-64
  url: https://conda.anaconda.org/conda-forge/win-64/zlib-1.3.1-h2466b09_2.conda
  sha256: 8c688797ba23b9ab50cef404eca4d004a948941b6ee533ead0ff3bf52012528c
  md5: be60c4e8efa55fddc17b4131aa47acbd
  depends:
  - libzlib 1.3.1 h2466b09_2
  - ucrt >=10.0.20348.0
  - vc >=14.2,<15
  - vc14_runtime >=14.29.30139
  license: Zlib
  license_family: Other
  size: 107439
  timestamp: 1727963788936
- kind: conda
  name: zstd
  version: 1.5.6
  build: h0ea2cb4_0
  subdir: win-64
  url: https://conda.anaconda.org/conda-forge/win-64/zstd-1.5.6-h0ea2cb4_0.conda
  sha256: 768e30dc513568491818fb068ee867c57c514b553915536da09e5d10b4ebf3c3
  md5: 9a17230f95733c04dc40a2b1e5491d74
  depends:
  - libzlib >=1.2.13,<2.0.0a0
  - ucrt >=10.0.20348.0
  - vc >=14.2,<15
  - vc14_runtime >=14.29.30139
  license: BSD-3-Clause
  license_family: BSD
  size: 349143
  timestamp: 1714723445995
